
Microsoft Visual Studio Solution File, Format Version 12.00
# Visual Studio Version 16
VisualStudioVersion = 16.0.30413.136
MinimumVisualStudioVersion = 10.0.40219.1
Project("{FAE04EC0-301F-11D3-BF4B-00C04F79EFBC}") = "LoveCCA.Android", "LoveCCA\LoveCCA.Android\LoveCCA.Android.csproj", "{C9F63D06-EC76-4865-9A8B-FA2E15D2942B}"
EndProject
Project("{FAE04EC0-301F-11D3-BF4B-00C04F79EFBC}") = "LoveCCA.iOS", "LoveCCA\LoveCCA.iOS\LoveCCA.iOS.csproj", "{883DC4FC-CEDF-4B45-AA01-48521A9DF2D9}"
EndProject
Project("{FAE04EC0-301F-11D3-BF4B-00C04F79EFBC}") = "LoveCCA", "LoveCCA\LoveCCA\LoveCCA.csproj", "{43CF7B28-B978-43B2-BC32-617EE132478D}"
EndProject
Global
	GlobalSection(SolutionConfigurationPlatforms) = preSolution
		Debug|Any CPU = Debug|Any CPU
		Debug|iPhone = Debug|iPhone
		Debug|iPhoneSimulator = Debug|iPhoneSimulator
		Release|Any CPU = Release|Any CPU
		Release|iPhone = Release|iPhone
		Release|iPhoneSimulator = Release|iPhoneSimulator
	EndGlobalSection
	GlobalSection(ProjectConfigurationPlatforms) = postSolution
		{C9F63D06-EC76-4865-9A8B-FA2E15D2942B}.Debug|Any CPU.ActiveCfg = Debug|Any CPU
		{C9F63D06-EC76-4865-9A8B-FA2E15D2942B}.Debug|Any CPU.Build.0 = Debug|Any CPU
		{C9F63D06-EC76-4865-9A8B-FA2E15D2942B}.Debug|Any CPU.Deploy.0 = Debug|Any CPU
		{C9F63D06-EC76-4865-9A8B-FA2E15D2942B}.Debug|iPhone.ActiveCfg = Debug|Any CPU
		{C9F63D06-EC76-4865-9A8B-FA2E15D2942B}.Debug|iPhone.Build.0 = Debug|Any CPU
		{C9F63D06-EC76-4865-9A8B-FA2E15D2942B}.Debug|iPhone.Deploy.0 = Debug|Any CPU
		{C9F63D06-EC76-4865-9A8B-FA2E15D2942B}.Debug|iPhoneSimulator.ActiveCfg = Debug|Any CPU
		{C9F63D06-EC76-4865-9A8B-FA2E15D2942B}.Debug|iPhoneSimulator.Build.0 = Debug|Any CPU
		{C9F63D06-EC76-4865-9A8B-FA2E15D2942B}.Debug|iPhoneSimulator.Deploy.0 = Debug|Any CPU
		{C9F63D06-EC76-4865-9A8B-FA2E15D2942B}.Release|Any CPU.ActiveCfg = Release|Any CPU
		{C9F63D06-EC76-4865-9A8B-FA2E15D2942B}.Release|Any CPU.Build.0 = Release|Any CPU
		{C9F63D06-EC76-4865-9A8B-FA2E15D2942B}.Release|Any CPU.Deploy.0 = Release|Any CPU
		{C9F63D06-EC76-4865-9A8B-FA2E15D2942B}.Release|iPhone.ActiveCfg = Release|Any CPU
		{C9F63D06-EC76-4865-9A8B-FA2E15D2942B}.Release|iPhone.Build.0 = Release|Any CPU
		{C9F63D06-EC76-4865-9A8B-FA2E15D2942B}.Release|iPhone.Deploy.0 = Release|Any CPU
		{C9F63D06-EC76-4865-9A8B-FA2E15D2942B}.Release|iPhoneSimulator.ActiveCfg = Release|Any CPU
		{C9F63D06-EC76-4865-9A8B-FA2E15D2942B}.Release|iPhoneSimulator.Build.0 = Release|Any CPU
		{C9F63D06-EC76-4865-9A8B-FA2E15D2942B}.Release|iPhoneSimulator.Deploy.0 = Release|Any CPU
		{883DC4FC-CEDF-4B45-AA01-48521A9DF2D9}.Debug|Any CPU.ActiveCfg = Debug|iPhone
		{883DC4FC-CEDF-4B45-AA01-48521A9DF2D9}.Debug|Any CPU.Build.0 = Debug|iPhone
		{883DC4FC-CEDF-4B45-AA01-48521A9DF2D9}.Debug|Any CPU.Deploy.0 = Debug|iPhone
		{883DC4FC-CEDF-4B45-AA01-48521A9DF2D9}.Debug|iPhone.ActiveCfg = Debug|iPhone
		{883DC4FC-CEDF-4B45-AA01-48521A9DF2D9}.Debug|iPhone.Build.0 = Debug|iPhone
		{883DC4FC-CEDF-4B45-AA01-48521A9DF2D9}.Debug|iPhone.Deploy.0 = Debug|iPhone
		{883DC4FC-CEDF-4B45-AA01-48521A9DF2D9}.Debug|iPhoneSimulator.ActiveCfg = Debug|iPhoneSimulator
		{883DC4FC-CEDF-4B45-AA01-48521A9DF2D9}.Debug|iPhoneSimulator.Build.0 = Debug|iPhoneSimulator
		{883DC4FC-CEDF-4B45-AA01-48521A9DF2D9}.Debug|iPhoneSimulator.Deploy.0 = Debug|iPhoneSimulator
		{883DC4FC-CEDF-4B45-AA01-48521A9DF2D9}.Release|Any CPU.ActiveCfg = Release|iPhone
		{883DC4FC-CEDF-4B45-AA01-48521A9DF2D9}.Release|Any CPU.Build.0 = Release|iPhone
		{883DC4FC-CEDF-4B45-AA01-48521A9DF2D9}.Release|Any CPU.Deploy.0 = Release|iPhone
		{883DC4FC-CEDF-4B45-AA01-48521A9DF2D9}.Release|iPhone.ActiveCfg = Release|iPhone
		{883DC4FC-CEDF-4B45-AA01-48521A9DF2D9}.Release|iPhone.Build.0 = Release|iPhone
		{883DC4FC-CEDF-4B45-AA01-48521A9DF2D9}.Release|iPhone.Deploy.0 = Release|iPhone
		{883DC4FC-CEDF-4B45-AA01-48521A9DF2D9}.Release|iPhoneSimulator.ActiveCfg = Release|iPhoneSimulator
		{883DC4FC-CEDF-4B45-AA01-48521A9DF2D9}.Release|iPhoneSimulator.Build.0 = Release|iPhoneSimulator
		{883DC4FC-CEDF-4B45-AA01-48521A9DF2D9}.Release|iPhoneSimulator.Deploy.0 = Release|iPhoneSimulator
		{43CF7B28-B978-43B2-BC32-617EE132478D}.Debug|Any CPU.ActiveCfg = Debug|Any CPU
		{43CF7B28-B978-43B2-BC32-617EE132478D}.Debug|Any CPU.Build.0 = Debug|Any CPU
		{43CF7B28-B978-43B2-BC32-617EE132478D}.Debug|Any CPU.Deploy.0 = Debug|Any CPU
		{43CF7B28-B978-43B2-BC32-617EE132478D}.Debug|iPhone.ActiveCfg = Debug|Any CPU
		{43CF7B28-B978-43B2-BC32-617EE132478D}.Debug|iPhone.Build.0 = Debug|Any CPU
		{43CF7B28-B978-43B2-BC32-617EE132478D}.Debug|iPhone.Deploy.0 = Debug|Any CPU
		{43CF7B28-B978-43B2-BC32-617EE132478D}.Debug|iPhoneSimulator.ActiveCfg = Debug|Any CPU
		{43CF7B28-B978-43B2-BC32-617EE132478D}.Debug|iPhoneSimulator.Build.0 = Debug|Any CPU
		{43CF7B28-B978-43B2-BC32-617EE132478D}.Debug|iPhoneSimulator.Deploy.0 = Debug|Any CPU
		{43CF7B28-B978-43B2-BC32-617EE132478D}.Release|Any CPU.ActiveCfg = Release|Any CPU
		{43CF7B28-B978-43B2-BC32-617EE132478D}.Release|Any CPU.Build.0 = Release|Any CPU
		{43CF7B28-B978-43B2-BC32-617EE132478D}.Release|Any CPU.Deploy.0 = Release|Any CPU
		{43CF7B28-B978-43B2-BC32-617EE132478D}.Release|iPhone.ActiveCfg = Release|Any CPU
		{43CF7B28-B978-43B2-BC32-617EE132478D}.Release|iPhone.Build.0 = Release|Any CPU
		{43CF7B28-B978-43B2-BC32-617EE132478D}.Release|iPhone.Deploy.0 = Release|Any CPU
		{43CF7B28-B978-43B2-BC32-617EE132478D}.Release|iPhoneSimulator.ActiveCfg = Release|Any CPU
		{43CF7B28-B978-43B2-BC32-617EE132478D}.Release|iPhoneSimulator.Build.0 = Release|Any CPU
		{43CF7B28-B978-43B2-BC32-617EE132478D}.Release|iPhoneSimulator.Deploy.0 = Release|Any CPU
	EndGlobalSection
	GlobalSection(SolutionProperties) = preSolution
		HideSolutionNode = FALSE
	EndGlobalSection
	GlobalSection(ExtensibilityGlobals) = postSolution
		SolutionGuid = {B36A0817-B872-4163-A7C1-7F2559A98390}
	EndGlobalSection
EndGlobal
